// !$*UTF8*$!
{
	archiveVersion = 1;
	classes = {
	};
	objectVersion = 77;
	objects = {

/* Begin PBXContainerItemProxy section */
		DC7AE4972F9BD05E00B904B4 /* PBXContainerItemProxy */ = {
			isa = PBXContainerItemProxy;
			containerPortal = DC7AE47C2F9BD05C00B904B4 /* Project object */;
			proxyType = 1;
			remoteGlobalIDString = DC7AE4832F9BD05C00B904B4;
			remoteInfo = NASAAPOD;
		};
		DC7AE4A12F9BD05E00B904B4 /* PBXContainerItemProxy */ = {
			isa = PBXContainerItemProxy;
			containerPortal = DC7AE47C2F9BD05C00B904B4 /* Project object */;
			proxyType = 1;
			remoteGlobalIDString = DC7AE4832F9BD05C00B904B4;
			remoteInfo = NASAAPOD;
		};
/* End PBXContainerItemProxy section */

/* Begin PBXFileReference section */
		DC7AE4842F9BD05C00B904B4 /* NASAAPOD.app */ = {isa = PBXFileReference; explicitFileType = wrapper.application; includeInIndex = 0; path = NASAAPOD.app; sourceTree = BUILT_PRODUCTS_DIR; };
		DC7AE4962F9BD05E00B904B4 /* NASAAPODTests.xctest */ = {isa = PBXFileReference; explicitFileType = wrapper.cfbundle; includeInIndex = 0; path = NASAAPODTests.xctest; sourceTree = BUILT_PRODUCTS_DIR; };
		DC7AE4A02F9BD05E00B904B4 /* NASAAPODUITests.xctest */ = {isa = PBXFileReference; explicitFileType = wrapper.cfbundle; includeInIndex = 0; path = NASAAPODUITests.xctest; sourceTree = BUILT_PRODUCTS_DIR; };
		DC7AE4B62F9BD0A200B904B4 /* NASAAPOD.xcodeproj */ = {isa = PBXFileReference; lastKnownFileType = "wrapper.pb-project"; path = NASAAPOD.xcodeproj; sourceTree = "<group>"; };
		DC7AE4D42F9BD12900B904B4 /* NASAAPOD.xcodeproj */ = {isa = PBXFileReference; lastKnownFileType = "wrapper.pb-project"; path = NASAAPOD.xcodeproj; sourceTree = "<group>"; };
		DC7AE6942F9E58F300B904B4 /* NASAAPOD.xcodeproj */ = {isa = PBXFileReference; lastKnownFileType = "wrapper.pb-project"; path = NASAAPOD.xcodeproj; sourceTree = "<group>"; };
/* End PBXFileReference section */

/* Begin PBXFileSystemSynchronizedBuildFileExceptionSet section */
		DC7AE4F22F9BD5A900B904B4 /* Exceptions for "NASAAPOD" folder in "NASAAPODTests" target */ = {
			isa = PBXFileSystemSynchronizedBuildFileExceptionSet;
			membershipExceptions = (
				Data/Repository/APODRepositoryImpl.swift,
				Domain/Models/APOD.swift,
				Domain/Repository/APODRepository.swift,
				Presentation/Browse/BrowseView.swift,
				Presentation/Today/TodayView.swift,
				RootTabView.swift,
			);
			target = DC7AE4952F9BD05E00B904B4 /* NASAAPODTests */;
		};
		DC7AE4F32F9BD5A900B904B4 /* Exceptions for "NASAAPOD" folder in "NASAAPODUITests" target */ = {
			isa = PBXFileSystemSynchronizedBuildFileExceptionSet;
			membershipExceptions = (
				Presentation/Browse/BrowseView.swift,
				Presentation/Today/TodayView.swift,
				RootTabView.swift,
			);
			target = DC7AE49F2F9BD05E00B904B4 /* NASAAPODUITests */;
		};
/* End PBXFileSystemSynchronizedBuildFileExceptionSet section */

/* Begin PBXFileSystemSynchronizedRootGroup section */
		DC7AE4862F9BD05C00B904B4 /* NASAAPOD */ = {
			isa = PBXFileSystemSynchronizedRootGroup;
			exceptions = (
				DC7AE4F22F9BD5A900B904B4 /* Exceptions for "NASAAPOD" folder in "NASAAPODTests" target */,
				DC7AE4F32F9BD5A900B904B4 /* Exceptions for "NASAAPOD" folder in "NASAAPODUITests" target */,
			);
			path = NASAAPOD;
			sourceTree = "<group>";
		};
		DC7AE4992F9BD05E00B904B4 /* NASAAPODTests */ = {
			isa = PBXFileSystemSynchronizedRootGroup;
			path = NASAAPODTests;
			sourceTree = "<group>";
		};
		DC7AE4A32F9BD05E00B904B4 /* NASAAPODUITests */ = {
			isa = PBXFileSystemSynchronizedRootGroup;
			path = NASAAPODUITests;
			sourceTree = "<group>";
		};
/* End PBXFileSystemSynchronizedRootGroup section */

/* Begin PBXFrameworksBuildPhase section */
		DC7AE4812F9BD05C00B904B4 /* Frameworks */ = {
			isa = PBXFrameworksBuildPhase;
			buildActionMask = 2147483647;
			files = (
			);
			runOnlyForDeploymentPostprocessing = 0;
		};
		DC7AE4932F9BD05E00B904B4 /* Frameworks */ = {
			isa = PBXFrameworksBuildPhase;
			buildActionMask = 2147483647;
			files = (
			);
			runOnlyForDeploymentPostprocessing = 0;
		};
		DC7AE49D2F9BD05E00B904B4 /* Frameworks */ = {
			isa = PBXFrameworksBuildPhase;
			buildActionMask = 2147483647;
			files = (
			);
			runOnlyForDeploymentPostprocessing = 0;
		};
/* End PBXFrameworksBuildPhase section */

/* Begin PBXGroup section */
		DC7AE47B2F9BD05C00B904B4 = {
			isa = PBXGroup;
			children = (
				DC7AE4862F9BD05C00B904B4 /* NASAAPOD */,
				DC7AE4992F9BD05E00B904B4 /* NASAAPODTests */,
				DC7AE4A32F9BD05E00B904B4 /* NASAAPODUITests */,
				DC7AE4852F9BD05C00B904B4 /* Products */,
			);
			sourceTree = "<group>";
		};
		DC7AE4852F9BD05C00B904B4 /* Products */ = {
			isa = PBXGroup;
			children = (
				DC7AE4842F9BD05C00B904B4 /* NASAAPOD.app */,
				DC7AE4962F9BD05E00B904B4 /* NASAAPODTests.xctest */,
				DC7AE4A02F9BD05E00B904B4 /* NASAAPODUITests.xctest */,
			);
			name = Products;
			sourceTree = "<group>";
		};
		DC7AE4B92F9BD0A200B904B4 /* Products */ = {
			isa = PBXGroup;
			children = (
			);
			name = Products;
			sourceTree = "<group>";
		};
		DC7AE4D72F9BD12900B904B4 /* Products */ = {
			isa = PBXGroup;
			children = (
			);
			name = Products;
			sourceTree = "<group>";
		};
		DC7AE6982F9E58F300B904B4 /* Products */ = {
			isa = PBXGroup;
			children = (
			);
			name = Products;
			sourceTree = "<group>";
		};
/* End PBXGroup section */

/* Begin PBXNativeTarget section */
		DC7AE4832F9BD05C00B904B4 /* NASAAPOD */ = {
			isa = PBXNativeTarget;
			buildConfigurationList = DC7AE4AA2F9BD05E00B904B4 /* Build configuration list for PBXNativeTarget "NASAAPOD" */;
			buildPhases = (
				DC7AE4802F9BD05C00B904B4 /* Sources */,
				DC7AE4812F9BD05C00B904B4 /* Frameworks */,
				DC7AE4822F9BD05C00B904B4 /* Resources */,
			);
			buildRules = (
			);
			dependencies = (
			);
			fileSystemSynchronizedGroups = (
				DC7AE4862F9BD05C00B904B4 /* NASAAPOD */,
			);
			name = NASAAPOD;
			packageProductDependencies = (
			);
			productName = NASAAPOD;
			productReference = DC7AE4842F9BD05C00B904B4 /* NASAAPOD.app */;
			productType = "com.apple.product-type.application";
		};
		DC7AE4952F9BD05E00B904B4 /* NASAAPODTests */ = {
			isa = PBXNativeTarget;
			buildConfigurationList = DC7AE4AD2F9BD05E00B904B4 /* Build configuration list for PBXNativeTarget "NASAAPODTests" */;
			buildPhases = (
				DC7AE4922F9BD05E00B904B4 /* Sources */,
				DC7AE4932F9BD05E00B904B4 /* Frameworks */,
				DC7AE4942F9BD05E00B904B4 /* Resources */,
			);
			buildRules = (
			);
			dependencies = (
				DC7AE4982F9BD05E00B904B4 /* PBXTargetDependency */,
			);
			fileSystemSynchronizedGroups = (
				DC7AE4992F9BD05E00B904B4 /* NASAAPODTests */,
			);
			name = NASAAPODTests;
			packageProductDependencies = (
			);
			productName = NASAAPODTests;
			productReference = DC7AE4962F9BD05E00B904B4 /* NASAAPODTests.xctest */;
			productType = "com.apple.product-type.bundle.unit-test";
		};
		DC7AE49F2F9BD05E00B904B4 /* NASAAPODUITests */ = {
			isa = PBXNativeTarget;
			buildConfigurationList = DC7AE4B02F9BD05E00B904B4 /* Build configuration list for PBXNativeTarget "NASAAPODUITests" */;
			buildPhases = (
				DC7AE49C2F9BD05E00B904B4 /* Sources */,
				DC7AE49D2F9BD05E00B904B4 /* Frameworks */,
				DC7AE49E2F9BD05E00B904B4 /* Resources */,
			);
			buildRules = (
			);
			dependencies = (
				DC7AE4A22F9BD05E00B904B4 /* PBXTargetDependency */,
			);
			fileSystemSynchronizedGroups = (
				DC7AE4A32F9BD05E00B904B4 /* NASAAPODUITests */,
			);
			name = NASAAPODUITests;
			packageProductDependencies = (
			);
			productName = NASAAPODUITests;
			productReference = DC7AE4A02F9BD05E00B904B4 /* NASAAPODUITests.xctest */;
			productType = "com.apple.product-type.bundle.ui-testing";
		};
/* End PBXNativeTarget section */

/* Begin PBXProject section */
		DC7AE47C2F9BD05C00B904B4 /* Project object */ = {
			isa = PBXProject;
			attributes = {
				BuildIndependentTargetsInParallel = 1;
				LastSwiftUpdateCheck = 2600;
				LastUpgradeCheck = 2600;
				TargetAttributes = {
					DC7AE4832F9BD05C00B904B4 = {
						CreatedOnToolsVersion = 26.0.1;
					};
					DC7AE4952F9BD05E00B904B4 = {
						CreatedOnToolsVersion = 26.0.1;
						TestTargetID = DC7AE4832F9BD05C00B904B4;
					};
					DC7AE49F2F9BD05E00B904B4 = {
						CreatedOnToolsVersion = 26.0.1;
						TestTargetID = DC7AE4832F9BD05C00B904B4;
					};
				};
			};
			buildConfigurationList = DC7AE47F2F9BD05C00B904B4 /* Build configuration list for PBXProject "NASAAPOD" */;
			developmentRegion = en;
			hasScannedForEncodings = 0;
			knownRegions = (
				en,
				Base,
			);
			mainGroup = DC7AE47B2F9BD05C00B904B4;
			minimizedProjectReferenceProxies = 1;
			preferredProjectObjectVersion = 77;
			productRefGroup = DC7AE4852F9BD05C00B904B4 /* Products */;
			projectDirPath = "";
			projectReferences = (
				{
					ProductGroup = DC7AE6982F9E58F300B904B4 /* Products */;
					ProjectRef = DC7AE6942F9E58F300B904B4 /* NASAAPOD.xcodeproj */;
				},
				{
					ProductGroup = DC7AE4D72F9BD12900B904B4 /* Products */;
					ProjectRef = DC7AE4D42F9BD12900B904B4 /* NASAAPOD.xcodeproj */;
				},
				{
					ProductGroup = DC7AE4B92F9BD0A200B904B4 /* Products */;
					ProjectRef = DC7AE4B62F9BD0A200B904B4 /* NASAAPOD.xcodeproj */;
				},
			);
			projectRoot = "";
			targets = (
				DC7AE4832F9BD05C00B904B4 /* NASAAPOD */,
				DC7AE4952F9BD05E00B904B4 /* NASAAPODTests */,
				DC7AE49F2F9BD05E00B904B4 /* NASAAPODUITests */,
			);
		};
/* End PBXProject section */

/* Begin PBXResourcesBuildPhase section */
		DC7AE4822F9BD05C00B904B4 /* Resources */ = {
			isa = PBXResourcesBuildPhase;
			buildActionMask = 2147483647;
			files = (
			);
			runOnlyForDeploymentPostprocessing = 0;
		};
		DC7AE4942F9BD05E00B904B4 /* Resources */ = {
			isa = PBXResourcesBuildPhase;
			buildActionMask = 2147483647;
			files = (
			);
			runOnlyForDeploymentPostprocessing = 0;
		};
		DC7AE49E2F9BD05E00B904B4 /* Resources */ = {
			isa = PBXResourcesBuildPhase;
			buildActionMask = 2147483647;
			files = (
			);
			runOnlyForDeploymentPostprocessing = 0;
		};
/* End PBXResourcesBuildPhase section */

/* Begin PBXSourcesBuildPhase section */
		DC7AE4802F9BD05C00B904B4 /* Sources */ = {
			isa = PBXSourcesBuildPhase;
			buildActionMask = 2147483647;
			files = (
			);
			runOnlyForDeploymentPostprocessing = 0;
		};
		DC7AE4922F9BD05E00B904B4 /* Sources */ = {
			isa = PBXSourcesBuildPhase;
			buildActionMask = 2147483647;
			files = (
			);
			runOnlyForDeploymentPostprocessing = 0;
		};
		DC7AE49C2F9BD05E00B904B4 /* Sources */ = {
			isa = PBXSourcesBuildPhase;
			buildActionMask = 2147483647;
			files = (
			);
			runOnlyForDeploymentPostprocessing = 0;
		};
/* End PBXSourcesBuildPhase section */

/* Begin PBXTargetDependency section */
		DC7AE4982F9BD05E00B904B4 /* PBXTargetDependency */ = {
			isa = PBXTargetDependency;
			target = DC7AE4832F9BD05C00B904B4 /* NASAAPOD */;
			targetProxy = DC7AE4972F9BD05E00B904B4 /* PBXContainerItemProxy */;
		};
		DC7AE4A22F9BD05E00B904B4 /* PBXTargetDependency */ = {
			isa = PBXTargetDependency;
			target = DC7AE4832F9BD05C00B904B4 /* NASAAPOD */;
			targetProxy = DC7AE4A12F9BD05E00B904B4 /* PBXContainerItemProxy */;
		};
/* End PBXTargetDependency section */

/* Begin XCBuildConfiguration section */
		DC7AE4A82F9BD05E00B904B4 /* Debug */ = {
			isa = XCBuildConfiguration;
			buildSettings = {
				ALWAYS_SEARCH_USER_PATHS = NO;
				ASSETCATALOG_COMPILER_GENERATE_SWIFT_ASSET_SYMBOL_EXTENSIONS = YES;
				CLANG_ANALYZER_NONNULL = YES;
				CLANG_ANALYZER_NUMBER_OBJECT_CONVERSION = YES_AGGRESSIVE;
				CLANG_CXX_LANGUAGE_STANDARD = "gnu++20";
				CLANG_ENABLE_MODULES = YES;
				CLANG_ENABLE_OBJC_ARC = YES;
				CLANG_ENABLE_OBJC_WEAK = YES;
				CLANG_WARN_BLOCK_CAPTURE_AUTORELEASING = YES;
				CLANG_WARN_BOOL_CONVERSION = YES;
				CLANG_WARN_COMMA = YES;
				CLANG_WARN_CONSTANT_CONVERSION = YES;
				CLANG_WARN_DEPRECATED_OBJC_IMPLEMENTATIONS = YES;
				CLANG_WARN_DIRECT_OBJC_ISA_USAGE = YES_ERROR;
				CLANG_WARN_DOCUMENTATION_COMMENTS = YES;
				CLANG_WARN_EMPTY_BODY = YES;
				CLANG_WARN_ENUM_CONVERSION = YES;
				CLANG_WARN_INFINITE_RECURSION = YES;
				CLANG_WARN_INT_CONVERSION = YES;
				CLANG_WARN_NON_LITERAL_NULL_CONVERSION = YES;
				CLANG_WARN_OBJC_IMPLICIT_RETAIN_SELF = YES;
				CLANG_WARN_OBJC_LITERAL_CONVERSION = YES;
				CLANG_WARN_OBJC_ROOT_CLASS = YES_ERROR;
				CLANG_WARN_QUOTED_INCLUDE_IN_FRAMEWORK_HEADER = YES;
				CLANG_WARN_RANGE_LOOP_ANALYSIS = YES;
				CLANG_WARN_STRICT_PROTOTYPES = YES;
				CLANG_WARN_SUSPICIOUS_MOVE = YES;
				CLANG_WARN_UNGUARDED_AVAILABILITY = YES_AGGRESSIVE;
				CLANG_WARN_UNREACHABLE_CODE = YES;
				CLANG_WARN__DUPLICATE_METHOD_MATCH = YES;
				COPY_PHASE_STRIP = NO;
				DEBUG_INFORMATION_FORMAT = dwarf;
				ENABLE_STRICT_OBJC_MSGSEND = YES;
				ENABLE_TESTABILITY = YES;
				ENABLE_USER_SCRIPT_SANDBOXING = YES;
				GCC_C_LANGUAGE_STANDARD = gnu17;
				GCC_DYNAMIC_NO_PIC = NO;
				GCC_NO_COMMON_BLOCKS = YES;
				GCC_OPTIMIZATION_LEVEL = 0;
				GCC_PREPROCESSOR_DEFINITIONS = (
					"DEBUG=1",
					"$(inherited)",
				);
				GCC_WARN_64_TO_32_BIT_CONVERSION = YES;
				GCC_WARN_ABOUT_RETURN_TYPE = YES_ERROR;
				GCC_WARN_UNDECLARED_SELECTOR = YES;
				GCC_WARN_UNINITIALIZED_AUTOS = YES_AGGRESSIVE;
				GCC_WARN_UNUSED_FUNCTION = YES;
				GCC_WARN_UNUSED_VARIABLE = YES;
				IPHONEOS_DEPLOYMENT_TARGET = 26.0;
				LOCALIZATION_PREFERS_STRING_CATALOGS = YES;
				MTL_ENABLE_DEBUG_INFO = INCLUDE_SOURCE;
				MTL_FAST_MATH = YES;
				ONLY_ACTIVE_ARCH = YES;
				SDKROOT = iphoneos;
				SWIFT_ACTIVE_COMPILATION_CONDITIONS = "DEBUG $(inherited)";
				SWIFT_OPTIMIZATION_LEVEL = "-Onone";
			};
			name = Debug;
		};
		DC7AE4A92F9BD05E00B904B4 /* Release */ = {
			isa = XCBuildConfiguration;
			buildSettings = {
				ALWAYS_SEARCH_USER_PATHS = NO;
				ASSETCATALOG_COMPILER_GENERATE_SWIFT_ASSET_SYMBOL_EXTENSIONS = YES;
				CLANG_ANALYZER_NONNULL = YES;
				CLANG_ANALYZER_NUMBER_OBJECT_CONVERSION = YES_AGGRESSIVE;
				CLANG_CXX_LANGUAGE_STANDARD = "gnu++20";
				CLANG_ENABLE_MODULES = YES;
				CLANG_ENABLE_OBJC_ARC = YES;
				CLANG_ENABLE_OBJC_WEAK = YES;
				CLANG_WARN_BLOCK_CAPTURE_AUTORELEASING = YES;
				CLANG_WARN_BOOL_CONVERSION = YES;
				CLANG_WARN_COMMA = YES;
				CLANG_WARN_CONSTANT_CONVERSION = YES;
				CLANG_WARN_DEPRECATED_OBJC_IMPLEMENTATIONS = YES;
				CLANG_WARN_DIRECT_OBJC_ISA_USAGE = YES_ERROR;
				CLANG_WARN_DOCUMENTATION_COMMENTS = YES;
				CLANG_WARN_EMPTY_BODY = YES;
				CLANG_WARN_ENUM_CONVERSION = YES;
				CLANG_WARN_INFINITE_RECURSION = YES;
				CLANG_WARN_INT_CONVERSION = YES;
				CLANG_WARN_NON_LITERAL_NULL_CONVERSION = YES;
				CLANG_WARN_OBJC_IMPLICIT_RETAIN_SELF = YES;
				CLANG_WARN_OBJC_LITERAL_CONVERSION = YES;
				CLANG_WARN_OBJC_ROOT_CLASS = YES_ERROR;
				CLANG_WARN_QUOTED_INCLUDE_IN_FRAMEWORK_HEADER = YES;
				CLANG_WARN_RANGE_LOOP_ANALYSIS = YES;
				CLANG_WARN_STRICT_PROTOTYPES = YES;
				CLANG_WARN_SUSPICIOUS_MOVE = YES;
				CLANG_WARN_UNGUARDED_AVAILABILITY = YES_AGGRESSIVE;
				CLANG_WARN_UNREACHABLE_CODE = YES;
				CLANG_WARN__DUPLICATE_METHOD_MATCH = YES;
				COPY_PHASE_STRIP = NO;
				DEBUG_INFORMATION_FORMAT = "dwarf-with-dsym";
				ENABLE_NS_ASSERTIONS = NO;
				ENABLE_STRICT_OBJC_MSGSEND = YES;
				ENABLE_USER_SCRIPT_SANDBOXING = YES;
				GCC_C_LANGUAGE_STANDARD = gnu17;
				GCC_NO_COMMON_BLOCKS = YES;
				GCC_WARN_64_TO_32_BIT_CONVERSION = YES;
				GCC_WARN_ABOUT_RETURN_TYPE = YES_ERROR;
				GCC_WARN_UNDECLARED_SELECTOR = YES;
				GCC_WARN_UNINITIALIZED_AUTOS = YES_AGGRESSIVE;
				GCC_WARN_UNUSED_FUNCTION = YES;
				GCC_WARN_UNUSED_VARIABLE = YES;
				IPHONEOS_DEPLOYMENT_TARGET = 26.0;
				LOCALIZATION_PREFERS_STRING_CATALOGS = YES;
				MTL_ENABLE_DEBUG_INFO = NO;
				MTL_FAST_MATH = YES;
				SDKROOT = iphoneos;
				SWIFT_COMPILATION_MODE = wholemodule;
				VALIDATE_PRODUCT = YES;
			};
			name = Release;
		};
		DC7AE4AB2F9BD05E00B904B4 /* Debug */ = {
			isa = XCBuildConfiguration;
			buildSettings = {
				ASSETCATALOG_COMPILER_APPICON_NAME = AppIcon;
				ASSETCATALOG_COMPILER_GLOBAL_ACCENT_COLOR_NAME = AccentColor;
				CODE_SIGN_STYLE = Automatic;
				CURRENT_PROJECT_VERSION = 1;
				ENABLE_PREVIEWS = YES;
				GENERATE_INFOPLIST_FILE = YES;
				INFOPLIST_KEY_UIApplicationSceneManifest_Generation = YES;
				INFOPLIST_KEY_UIApplicationSupportsIndirectInputEvents = YES;
				INFOPLIST_KEY_UILaunchScreen_Generation = YES;
				INFOPLIST_KEY_UISupportedInterfaceOrientations_iPad = "UIInterfaceOrientationPortrait UIInterfaceOrientationPortraitUpsideDown UIInterfaceOrientationLandscapeLeft UIInterfaceOrientationLandscapeRight";
				INFOPLIST_KEY_UISupportedInterfaceOrientations_iPhone = "UIInterfaceOrientationPortrait UIInterfaceOrientationLandscapeLeft UIInterfaceOrientationLandscapeRight";
				IPHONEOS_DEPLOYMENT_TARGET = 18.6;
				LD_RUNPATH_SEARCH_PATHS = (
					"$(inherited)",
					"@executable_path/Frameworks",
				);
				MARKETING_VERSION = 1.0;
				PRODUCT_BUNDLE_IDENTIFIER = test.NASAAPOD;
				PRODUCT_NAME = "$(TARGET_NAME)";
				STRING_CATALOG_GENERATE_SYMBOLS = YES;
				SUPPORTED_PLATFORMS = "iphoneos iphonesimulator";
				SUPPORTS_MACCATALYST = NO;
				SUPPORTS_MAC_DESIGNED_FOR_IPHONE_IPAD = NO;
				SUPPORTS_XR_DESIGNED_FOR_IPHONE_IPAD = NO;
				SWIFT_APPROACHABLE_CONCURRENCY = YES;
				SWIFT_DEFAULT_ACTOR_ISOLATION = MainActor;
				SWIFT_EMIT_LOC_STRINGS = YES;
				SWIFT_UPCOMING_FEATURE_MEMBER_IMPORT_VISIBILITY = YES;
				SWIFT_VERSION = 5.0;
				TARGETED_DEVICE_FAMILY = "1,2";
			};
			name = Debug;
		};
		DC7AE4AC2F9BD05E00B904B4 /* Release */ = {
			isa = XCBuildConfiguration;
			buildSettings = {
				ASSETCATALOG_COMPILER_APPICON_NAME = AppIcon;
				ASSETCATALOG_COMPILER_GLOBAL_ACCENT_COLOR_NAME = AccentColor;
				CODE_SIGN_STYLE = Automatic;
				CURRENT_PROJECT_VERSION = 1;
				ENABLE_PREVIEWS = YES;
				GENERATE_INFOPLIST_FILE = YES;
				INFOPLIST_KEY_UIApplicationSceneManifest_Generation = YES;
				INFOPLIST_KEY_UIApplicationSupportsIndirectInputEvents = YES;
				INFOPLIST_KEY_UILaunchScreen_Generation = YES;
				INFOPLIST_KEY_UISupportedInterfaceOrientations_iPad = "UIInterfaceOrientationPortrait UIInterfaceOrientationPortraitUpsideDown UIInterfaceOrientationLandscapeLeft UIInterfaceOrientationLandscapeRight";
				INFOPLIST_KEY_UISupportedInterfaceOrientations_iPhone = "UIInterfaceOrientationPortrait UIInterfaceOrientationLandscapeLeft UIInterfaceOrientationLandscapeRight";
				IPHONEOS_DEPLOYMENT_TARGET = 18.6;
				LD_RUNPATH_SEARCH_PATHS = (
					"$(inherited)",
					"@executable_path/Frameworks",
				);
				MARKETING_VERSION = 1.0;
				PRODUCT_BUNDLE_IDENTIFIER = test.NASAAPOD;
				PRODUCT_NAME = "$(TARGET_NAME)";
				STRING_CATALOG_GENERATE_SYMBOLS = YES;
				SUPPORTED_PLATFORMS = "iphoneos iphonesimulator";
				SUPPORTS_MACCATALYST = NO;
				SUPPORTS_MAC_DESIGNED_FOR_IPHONE_IPAD = NO;
				SUPPORTS_XR_DESIGNED_FOR_IPHONE_IPAD = NO;
				SWIFT_APPROACHABLE_CONCURRENCY = YES;
				SWIFT_DEFAULT_ACTOR_ISOLATION = MainActor;
				SWIFT_EMIT_LOC_STRINGS = YES;
				SWIFT_UPCOMING_FEATURE_MEMBER_IMPORT_VISIBILITY = YES;
				SWIFT_VERSION = 5.0;
				TARGETED_DEVICE_FAMILY = "1,2";
			};
			name = Release;
		};
		DC7AE4AE2F9BD05E00B904B4 /* Debug */ = {
			isa = XCBuildConfiguration;
			buildSettings = {
				BUNDLE_LOADER = "$(TEST_HOST)";
				CODE_SIGN_STYLE = Automatic;
				CURRENT_PROJECT_VERSION = 1;
				GENERATE_INFOPLIST_FILE = YES;
				IPHONEOS_DEPLOYMENT_TARGET = 18.6;
				MARKETING_VERSION = 1.0;
				PRODUCT_BUNDLE_IDENTIFIER = test.NASAAPODTests;
				PRODUCT_NAME = "$(TARGET_NAME)";
				STRING_CATALOG_GENERATE_SYMBOLS = NO;
				SUPPORTED_PLATFORMS = "iphoneos iphonesimulator";
				SUPPORTS_MACCATALYST = NO;
				SUPPORTS_MAC_DESIGNED_FOR_IPHONE_IPAD = NO;
				SUPPORTS_XR_DESIGNED_FOR_IPHONE_IPAD = NO;
				SWIFT_APPROACHABLE_CONCURRENCY = YES;
				SWIFT_EMIT_LOC_STRINGS = NO;
				SWIFT_UPCOMING_FEATURE_MEMBER_IMPORT_VISIBILITY = YES;
				SWIFT_VERSION = 5.0;
				TARGETED_DEVICE_FAMILY = "1,2";
				TEST_HOST = "$(BUILT_PRODUCTS_DIR)/NASAAPOD.app/$(BUNDLE_EXECUTABLE_FOLDER_PATH)/NASAAPOD";
			};
			name = Debug;
		};
		DC7AE4AF2F9BD05E00B904B4 /* Release */ = {
			isa = XCBuildConfiguration;
			buildSettings = {
				BUNDLE_LOADER = "$(TEST_HOST)";
				CODE_SIGN_STYLE = Automatic;
				CURRENT_PROJECT_VERSION = 1;
				GENERATE_INFOPLIST_FILE = YES;
				IPHONEOS_DEPLOYMENT_TARGET = 18.6;
				MARKETING_VERSION = 1.0;
				PRODUCT_BUNDLE_IDENTIFIER = test.NASAAPODTests;
				PRODUCT_NAME = "$(TARGET_NAME)";
				STRING_CATALOG_GENERATE_SYMBOLS = NO;
				SUPPORTED_PLATFORMS = "iphoneos iphonesimulator";
				SUPPORTS_MACCATALYST = NO;
				SUPPORTS_MAC_DESIGNED_FOR_IPHONE_IPAD = NO;
				SUPPORTS_XR_DESIGNED_FOR_IPHONE_IPAD = NO;
				SWIFT_APPROACHABLE_CONCURRENCY = YES;
				SWIFT_EMIT_LOC_STRINGS = NO;
				SWIFT_UPCOMING_FEATURE_MEMBER_IMPORT_VISIBILITY = YES;
				SWIFT_VERSION = 5.0;
				TARGETED_DEVICE_FAMILY = "1,2";
				TEST_HOST = "$(BUILT_PRODUCTS_DIR)/NASAAPOD.app/$(BUNDLE_EXECUTABLE_FOLDER_PATH)/NASAAPOD";
			};
			name = Release;
		};
		DC7AE4B12F9BD05E00B904B4 /* Debug */ = {
			isa = XCBuildConfiguration;
			buildSettings = {
				CODE_SIGN_STYLE = Automatic;
				CURRENT_PROJECT_VERSION = 1;
				GENERATE_INFOPLIST_FILE = YES;
				IPHONEOS_DEPLOYMENT_TARGET = 18.6;
				MARKETING_VERSION = 1.0;
				PRODUCT_BUNDLE_IDENTIFIER = test.NASAAPODUITests;
				PRODUCT_NAME = "$(TARGET_NAME)";
				STRING_CATALOG_GENERATE_SYMBOLS = NO;
				SUPPORTED_PLATFORMS = "iphoneos iphonesimulator";
				SUPPORTS_MACCATALYST = NO;
				SUPPORTS_MAC_DESIGNED_FOR_IPHONE_IPAD = NO;
				SUPPORTS_XR_DESIGNED_FOR_IPHONE_IPAD = NO;
				SWIFT_APPROACHABLE_CONCURRENCY = YES;
				SWIFT_EMIT_LOC_STRINGS = NO;
				SWIFT_STRICT_CONCURRENCY = complete;
				SWIFT_UPCOMING_FEATURE_MEMBER_IMPORT_VISIBILITY = YES;
				SWIFT_VERSION = 5.0;
				TARGETED_DEVICE_FAMILY = "1,2";
				TEST_TARGET_NAME = NASAAPOD;
			};
			name = Debug;
		};
		DC7AE4B22F9BD05E00B904B4 /* Release */ = {
			isa = XCBuildConfiguration;
			buildSettings = {
				CODE_SIGN_STYLE = Automatic;
				CURRENT_PROJECT_VERSION = 1;
				GENERATE_INFOPLIST_FILE = YES;
				IPHONEOS_DEPLOYMENT_TARGET = 18.6;
				MARKETING_VERSION = 1.0;
				PRODUCT_BUNDLE_IDENTIFIER = test.NASAAPODUITests;
				PRODUCT_NAME = "$(TARGET_NAME)";
				STRING_CATALOG_GENERATE_SYMBOLS = NO;
				SUPPORTED_PLATFORMS = "iphoneos iphonesimulator";
				SUPPORTS_MACCATALYST = NO;
				SUPPORTS_MAC_DESIGNED_FOR_IPHONE_IPAD = NO;
				SUPPORTS_XR_DESIGNED_FOR_IPHONE_IPAD = NO;
				SWIFT_APPROACHABLE_CONCURRENCY = YES;
				SWIFT_EMIT_LOC_STRINGS = NO;
				SWIFT_STRICT_CONCURRENCY = complete;
				SWIFT_UPCOMING_FEATURE_MEMBER_IMPORT_VISIBILITY = YES;
				SWIFT_VERSION = 5.0;
				TARGETED_DEVICE_FAMILY = "1,2";
				TEST_TARGET_NAME = NASAAPOD;
			};
			name = Release;
		};
/* End XCBuildConfiguration section */

/* Begin XCConfigurationList section */
		DC7AE47F2F9BD05C00B904B4 /* Build configuration list for PBXProject "NASAAPOD" */ = {
			isa = XCConfigurationList;
			buildConfigurations = (
				DC7AE4A82F9BD05E00B904B4 /* Debug */,
				DC7AE4A92F9BD05E00B904B4 /* Release */,
			);
			defaultConfigurationIsVisible = 0;
			defaultConfigurationName = Release;
		};
		DC7AE4AA2F9BD05E00B904B4 /* Build configuration list for PBXNativeTarget "NASAAPOD" */ = {
			isa = XCConfigurationList;
			buildConfigurations = (
				DC7AE4AB2F9BD05E00B904B4 /* Debug */,
				DC7AE4AC2F9BD05E00B904B4 /* Release */,
			);
			defaultConfigurationIsVisible = 0;
			defaultConfigurationName = Release;
		};
		DC7AE4AD2F9BD05E00B904B4 /* Build configuration list for PBXNativeTarget "NASAAPODTests" */ = {
			isa = XCConfigurationList;
			buildConfigurations = (
				DC7AE4AE2F9BD05E00B904B4 /* Debug */,
				DC7AE4AF2F9BD05E00B904B4 /* Release */,
			);
			defaultConfigurationIsVisible = 0;
			defaultConfigurationName = Release;
		};
		DC7AE4B02F9BD05E00B904B4 /* Build configuration list for PBXNativeTarget "NASAAPODUITests" */ = {
			isa = XCConfigurationList;
			buildConfigurations = (
				DC7AE4B12F9BD05E00B904B4 /* Debug */,
				DC7AE4B22F9BD05E00B904B4 /* Release */,
			);
			defaultConfigurationIsVisible = 0;
			defaultConfigurationName = Release;
		};
/* End XCConfigurationList section */
	};
	rootObject = DC7AE47C2F9BD05C00B904B4 /* Project object */;
}
